
Microsoft Visual Studio Solution File, Format Version 12.00
# Visual Studio Version 16
VisualStudioVersion = 16.0.29806.167
MinimumVisualStudioVersion = 10.0.40219.1
Project("{2150E333-8FDC-42A3-9474-1A3956D46DE8}") = "Solution Items", "Solution Items", "{C7A67847-DA0D-460A-959D-2C066D78993C}"
	ProjectSection(SolutionItems) = preProject
		.gitignore = .gitignore
	EndProjectSection
EndProject
Project("{9A19103F-16F7-4668-BE54-9A1E7A4F7556}") = "喵语翻译器Cli", "喵语翻译器Cli\喵语翻译器Cli.csproj", "{E6988271-F711-4266-A9AE-3988E5A1C7FB}"
EndProject
Project("{9A19103F-16F7-4668-BE54-9A1E7A4F7556}") = "喵", "喵\喵.csproj", "{D9F2D705-BDD8-474A-80BA-76CC49B6DFDC}"
EndProject
Global
	GlobalSection(SolutionConfigurationPlatforms) = preSolution
		Debug|Any CPU = Debug|Any CPU
		Release|Any CPU = Release|Any CPU
	EndGlobalSection
	GlobalSection(ProjectConfigurationPlatforms) = postSolution
		{E6988271-F711-4266-A9AE-3988E5A1C7FB}.Debug|Any CPU.ActiveCfg = Debug|Any CPU
		{E6988271-F711-4266-A9AE-3988E5A1C7FB}.Debug|Any CPU.Build.0 = Debug|Any CPU
		{E6988271-F711-4266-A9AE-3988E5A1C7FB}.Release|Any CPU.ActiveCfg = Release|Any CPU
		{E6988271-F711-4266-A9AE-3988E5A1C7FB}.Release|Any CPU.Build.0 = Release|Any CPU
		{D9F2D705-BDD8-474A-80BA-76CC49B6DFDC}.Debug|Any CPU.ActiveCfg = Debug|Any CPU
		{D9F2D705-BDD8-474A-80BA-76CC49B6DFDC}.Debug|Any CPU.Build.0 = Debug|Any CPU
		{D9F2D705-BDD8-474A-80BA-76CC49B6DFDC}.Release|Any CPU.ActiveCfg = Release|Any CPU
		{D9F2D705-BDD8-474A-80BA-76CC49B6DFDC}.Release|Any CPU.Build.0 = Release|Any CPU
	EndGlobalSection
	GlobalSection(SolutionProperties) = preSolution
		HideSolutionNode = FALSE
	EndGlobalSection
	GlobalSection(ExtensibilityGlobals) = postSolution
		SolutionGuid = {40919945-95F6-4C1C-ACD6-9B6E9B02A0B6}
	EndGlobalSection
EndGlobal
