
Microsoft Visual Studio Solution File, Format Version 12.00
# Visual Studio 15
Project("{FAE04EC0-301F-11D3-BF4B-00C04F79EFBC}") = "喵语翻译器Cli", "喵语翻译器Cli\喵语翻译器Cli.csproj", "{2062D2D9-9378-4246-B7FC-5D83DE14FB6B}"
EndProject
Project("{FAE04EC0-301F-11D3-BF4B-00C04F79EFBC}") = "喵", "喵\喵.csproj", "{318B3A54-65EA-4ED2-A39C-AB6622362615}"
EndProject
Global
	GlobalSection(SolutionConfigurationPlatforms) = preSolution
		Debug|Any CPU = Debug|Any CPU
		Release|Any CPU = Release|Any CPU
		Debug|iPhoneSimulator = Debug|iPhoneSimulator
		Release|iPhoneSimulator = Release|iPhoneSimulator
		Debug|iPhone = Debug|iPhone
		Release|iPhone = Release|iPhone
	EndGlobalSection
	GlobalSection(ProjectConfigurationPlatforms) = postSolution
		{2062D2D9-9378-4246-B7FC-5D83DE14FB6B}.Debug|Any CPU.ActiveCfg = Debug|Any CPU
		{2062D2D9-9378-4246-B7FC-5D83DE14FB6B}.Debug|Any CPU.Build.0 = Debug|Any CPU
		{2062D2D9-9378-4246-B7FC-5D83DE14FB6B}.Release|Any CPU.ActiveCfg = Release|Any CPU
		{2062D2D9-9378-4246-B7FC-5D83DE14FB6B}.Release|Any CPU.Build.0 = Release|Any CPU
		{2062D2D9-9378-4246-B7FC-5D83DE14FB6B}.Debug|iPhoneSimulator.ActiveCfg = Debug|Any CPU
		{2062D2D9-9378-4246-B7FC-5D83DE14FB6B}.Debug|iPhoneSimulator.Build.0 = Debug|Any CPU
		{2062D2D9-9378-4246-B7FC-5D83DE14FB6B}.Release|iPhoneSimulator.ActiveCfg = Release|Any CPU
		{2062D2D9-9378-4246-B7FC-5D83DE14FB6B}.Release|iPhoneSimulator.Build.0 = Release|Any CPU
		{2062D2D9-9378-4246-B7FC-5D83DE14FB6B}.Debug|iPhone.ActiveCfg = Debug|Any CPU
		{2062D2D9-9378-4246-B7FC-5D83DE14FB6B}.Debug|iPhone.Build.0 = Debug|Any CPU
		{2062D2D9-9378-4246-B7FC-5D83DE14FB6B}.Release|iPhone.ActiveCfg = Release|Any CPU
		{2062D2D9-9378-4246-B7FC-5D83DE14FB6B}.Release|iPhone.Build.0 = Release|Any CPU
		{318B3A54-65EA-4ED2-A39C-AB6622362615}.Debug|Any CPU.ActiveCfg = Debug|Any CPU
		{318B3A54-65EA-4ED2-A39C-AB6622362615}.Debug|Any CPU.Build.0 = Debug|Any CPU
		{318B3A54-65EA-4ED2-A39C-AB6622362615}.Release|Any CPU.ActiveCfg = Release|Any CPU
		{318B3A54-65EA-4ED2-A39C-AB6622362615}.Release|Any CPU.Build.0 = Release|Any CPU
		{318B3A54-65EA-4ED2-A39C-AB6622362615}.Debug|iPhoneSimulator.ActiveCfg = Debug|Any CPU
		{318B3A54-65EA-4ED2-A39C-AB6622362615}.Debug|iPhoneSimulator.Build.0 = Debug|Any CPU
		{318B3A54-65EA-4ED2-A39C-AB6622362615}.Release|iPhoneSimulator.ActiveCfg = Release|Any CPU
		{318B3A54-65EA-4ED2-A39C-AB6622362615}.Release|iPhoneSimulator.Build.0 = Release|Any CPU
		{318B3A54-65EA-4ED2-A39C-AB6622362615}.Debug|iPhone.ActiveCfg = Debug|Any CPU
		{318B3A54-65EA-4ED2-A39C-AB6622362615}.Debug|iPhone.Build.0 = Debug|Any CPU
		{318B3A54-65EA-4ED2-A39C-AB6622362615}.Release|iPhone.ActiveCfg = Release|Any CPU
		{318B3A54-65EA-4ED2-A39C-AB6622362615}.Release|iPhone.Build.0 = Release|Any CPU
	EndGlobalSection
EndGlobal
